// !$*UTF8*$!
{
	archiveVersion = 1;
	classes = {
	};
	objectVersion = 50;
	objects = {

/* Begin PBXBuildFile section */
		D273F35423D2F99800DC296A /* AppDelegate.swift in Sources */ = {isa = PBXBuildFile; fileRef = D273F35323D2F99800DC296A /* AppDelegate.swift */; };
		D273F35623D2F99800DC296A /* SceneDelegate.swift in Sources */ = {isa = PBXBuildFile; fileRef = D273F35523D2F99800DC296A /* SceneDelegate.swift */; };
		D273F35823D2F99800DC296A /* ContentView.swift in Sources */ = {isa = PBXBuildFile; fileRef = D273F35723D2F99800DC296A /* ContentView.swift */; };
		D273F35A23D2F99800DC296A /* Assets.xcassets in Resources */ = {isa = PBXBuildFile; fileRef = D273F35923D2F99800DC296A /* Assets.xcassets */; };
		D273F35D23D2F99800DC296A /* Preview Assets.xcassets in Resources */ = {isa = PBXBuildFile; fileRef = D273F35C23D2F99800DC296A /* Preview Assets.xcassets */; };
		D273F36023D2F99800DC296A /* LaunchScreen.storyboard in Resources */ = {isa = PBXBuildFile; fileRef = D273F35E23D2F99800DC296A /* LaunchScreen.storyboard */; };
		D273F36B23D2F99800DC296A /* SwiftUIDemoTests.swift in Sources */ = {isa = PBXBuildFile; fileRef = D273F36A23D2F99800DC296A /* SwiftUIDemoTests.swift */; };
		D273F37623D2F99800DC296A /* SwiftUIDemoUITests.swift in Sources */ = {isa = PBXBuildFile; fileRef = D273F37523D2F99800DC296A /* SwiftUIDemoUITests.swift */; };
		D273F38623D2FDF400DC296A /* Room.swift in Sources */ = {isa = PBXBuildFile; fileRef = D273F38523D2FDF400DC296A /* Room.swift */; };
		D273F38823D3014000DC296A /* RoomDetail.swift in Sources */ = {isa = PBXBuildFile; fileRef = D273F38723D3014000DC296A /* RoomDetail.swift */; };
		D273F38A23D307F400DC296A /* RoomStore.swift in Sources */ = {isa = PBXBuildFile; fileRef = D273F38923D307F400DC296A /* RoomStore.swift */; };
/* End PBXBuildFile section */

/* Begin PBXContainerItemProxy section */
		D273F36723D2F99800DC296A /* PBXContainerItemProxy */ = {
			isa = PBXContainerItemProxy;
			containerPortal = D273F34823D2F99800DC296A /* Project object */;
			proxyType = 1;
			remoteGlobalIDString = D273F34F23D2F99800DC296A;
			remoteInfo = SwiftUIDemo;
		};
		D273F37223D2F99800DC296A /* PBXContainerItemProxy */ = {
			isa = PBXContainerItemProxy;
			containerPortal = D273F34823D2F99800DC296A /* Project object */;
			proxyType = 1;
			remoteGlobalIDString = D273F34F23D2F99800DC296A;
			remoteInfo = SwiftUIDemo;
		};
/* End PBXContainerItemProxy section */

/* Begin PBXFileReference section */
		D273F35023D2F99800DC296A /* SwiftUIDemo.app */ = {isa = PBXFileReference; explicitFileType = wrapper.application; includeInIndex = 0; path = SwiftUIDemo.app; sourceTree = BUILT_PRODUCTS_DIR; };
		D273F35323D2F99800DC296A /* AppDelegate.swift */ = {isa = PBXFileReference; lastKnownFileType = sourcecode.swift; path = AppDelegate.swift; sourceTree = "<group>"; };
		D273F35523D2F99800DC296A /* SceneDelegate.swift */ = {isa = PBXFileReference; lastKnownFileType = sourcecode.swift; path = SceneDelegate.swift; sourceTree = "<group>"; };
		D273F35723D2F99800DC296A /* ContentView.swift */ = {isa = PBXFileReference; lastKnownFileType = sourcecode.swift; path = ContentView.swift; sourceTree = "<group>"; };
		D273F35923D2F99800DC296A /* Assets.xcassets */ = {isa = PBXFileReference; lastKnownFileType = folder.assetcatalog; path = Assets.xcassets; sourceTree = "<group>"; };
		D273F35C23D2F99800DC296A /* Preview Assets.xcassets */ = {isa = PBXFileReference; lastKnownFileType = folder.assetcatalog; path = "Preview Assets.xcassets"; sourceTree = "<group>"; };
		D273F35F23D2F99800DC296A /* Base */ = {isa = PBXFileReference; lastKnownFileType = file.storyboard; name = Base; path = Base.lproj/LaunchScreen.storyboard; sourceTree = "<group>"; };
		D273F36123D2F99800DC296A /* Info.plist */ = {isa = PBXFileReference; lastKnownFileType = text.plist.xml; path = Info.plist; sourceTree = "<group>"; };
		D273F36623D2F99800DC296A /* SwiftUIDemoTests.xctest */ = {isa = PBXFileReference; explicitFileType = wrapper.cfbundle; includeInIndex = 0; path = SwiftUIDemoTests.xctest; sourceTree = BUILT_PRODUCTS_DIR; };
		D273F36A23D2F99800DC296A /* SwiftUIDemoTests.swift */ = {isa = PBXFileReference; lastKnownFileType = sourcecode.swift; path = SwiftUIDemoTests.swift; sourceTree = "<group>"; };
		D273F36C23D2F99800DC296A /* Info.plist */ = {isa = PBXFileReference; lastKnownFileType = text.plist.xml; path = Info.plist; sourceTree = "<group>"; };
		D273F37123D2F99800DC296A /* SwiftUIDemoUITests.xctest */ = {isa = PBXFileReference; explicitFileType = wrapper.cfbundle; includeInIndex = 0; path = SwiftUIDemoUITests.xctest; sourceTree = BUILT_PRODUCTS_DIR; };
		D273F37523D2F99800DC296A /* SwiftUIDemoUITests.swift */ = {isa = PBXFileReference; lastKnownFileType = sourcecode.swift; path = SwiftUIDemoUITests.swift; sourceTree = "<group>"; };
		D273F37723D2F99800DC296A /* Info.plist */ = {isa = PBXFileReference; lastKnownFileType = text.plist.xml; path = Info.plist; sourceTree = "<group>"; };
		D273F38523D2FDF400DC296A /* Room.swift */ = {isa = PBXFileReference; fileEncoding = 4; lastKnownFileType = sourcecode.swift; path = Room.swift; sourceTree = "<group>"; };
		D273F38723D3014000DC296A /* RoomDetail.swift */ = {isa = PBXFileReference; lastKnownFileType = sourcecode.swift; path = RoomDetail.swift; sourceTree = "<group>"; };
		D273F38923D307F400DC296A /* RoomStore.swift */ = {isa = PBXFileReference; lastKnownFileType = sourcecode.swift; path = RoomStore.swift; sourceTree = "<group>"; };
/* End PBXFileReference section */

/* Begin PBXFrameworksBuildPhase section */
		D273F34D23D2F99800DC296A /* Frameworks */ = {
			isa = PBXFrameworksBuildPhase;
			buildActionMask = 2147483647;
			files = (
			);
			runOnlyForDeploymentPostprocessing = 0;
		};
		D273F36323D2F99800DC296A /* Frameworks */ = {
			isa = PBXFrameworksBuildPhase;
			buildActionMask = 2147483647;
			files = (
			);
			runOnlyForDeploymentPostprocessing = 0;
		};
		D273F36E23D2F99800DC296A /* Frameworks */ = {
			isa = PBXFrameworksBuildPhase;
			buildActionMask = 2147483647;
			files = (
			);
			runOnlyForDeploymentPostprocessing = 0;
		};
/* End PBXFrameworksBuildPhase section */

/* Begin PBXGroup section */
		D273F34723D2F99800DC296A = {
			isa = PBXGroup;
			children = (
				D273F35223D2F99800DC296A /* SwiftUIDemo */,
				D273F36923D2F99800DC296A /* SwiftUIDemoTests */,
				D273F37423D2F99800DC296A /* SwiftUIDemoUITests */,
				D273F35123D2F99800DC296A /* Products */,
			);
			sourceTree = "<group>";
		};
		D273F35123D2F99800DC296A /* Products */ = {
			isa = PBXGroup;
			children = (
				D273F35023D2F99800DC296A /* SwiftUIDemo.app */,
				D273F36623D2F99800DC296A /* SwiftUIDemoTests.xctest */,
				D273F37123D2F99800DC296A /* SwiftUIDemoUITests.xctest */,
			);
			name = Products;
			sourceTree = "<group>";
		};
		D273F35223D2F99800DC296A /* SwiftUIDemo */ = {
			isa = PBXGroup;
			children = (
				D273F35323D2F99800DC296A /* AppDelegate.swift */,
				D273F35523D2F99800DC296A /* SceneDelegate.swift */,
				D273F38523D2FDF400DC296A /* Room.swift */,
				D273F35723D2F99800DC296A /* ContentView.swift */,
				D273F38923D307F400DC296A /* RoomStore.swift */,
				D273F38723D3014000DC296A /* RoomDetail.swift */,
				D273F35923D2F99800DC296A /* Assets.xcassets */,
				D273F35E23D2F99800DC296A /* LaunchScreen.storyboard */,
				D273F36123D2F99800DC296A /* Info.plist */,
				D273F35B23D2F99800DC296A /* Preview Content */,
			);
			path = SwiftUIDemo;
			sourceTree = "<group>";
		};
		D273F35B23D2F99800DC296A /* Preview Content */ = {
			isa = PBXGroup;
			children = (
				D273F35C23D2F99800DC296A /* Preview Assets.xcassets */,
			);
			path = "Preview Content";
			sourceTree = "<group>";
		};
		D273F36923D2F99800DC296A /* SwiftUIDemoTests */ = {
			isa = PBXGroup;
			children = (
				D273F36A23D2F99800DC296A /* SwiftUIDemoTests.swift */,
				D273F36C23D2F99800DC296A /* Info.plist */,
			);
			path = SwiftUIDemoTests;
			sourceTree = "<group>";
		};
		D273F37423D2F99800DC296A /* SwiftUIDemoUITests */ = {
			isa = PBXGroup;
			children = (
				D273F37523D2F99800DC296A /* SwiftUIDemoUITests.swift */,
				D273F37723D2F99800DC296A /* Info.plist */,
			);
			path = SwiftUIDemoUITests;
			sourceTree = "<group>";
		};
/* End PBXGroup section */

/* Begin PBXNativeTarget section */
		D273F34F23D2F99800DC296A /* SwiftUIDemo */ = {
			isa = PBXNativeTarget;
			buildConfigurationList = D273F37A23D2F99800DC296A /* Build configuration list for PBXNativeTarget "SwiftUIDemo" */;
			buildPhases = (
				D273F34C23D2F99800DC296A /* Sources */,
				D273F34D23D2F99800DC296A /* Frameworks */,
				D273F34E23D2F99800DC296A /* Resources */,
			);
			buildRules = (
			);
			dependencies = (
			);
			name = SwiftUIDemo;
			productName = SwiftUIDemo;
			productReference = D273F35023D2F99800DC296A /* SwiftUIDemo.app */;
			productType = "com.apple.product-type.application";
		};
		D273F36523D2F99800DC296A /* SwiftUIDemoTests */ = {
			isa = PBXNativeTarget;
			buildConfigurationList = D273F37D23D2F99800DC296A /* Build configuration list for PBXNativeTarget "SwiftUIDemoTests" */;
			buildPhases = (
				D273F36223D2F99800DC296A /* Sources */,
				D273F36323D2F99800DC296A /* Frameworks */,
				D273F36423D2F99800DC296A /* Resources */,
			);
			buildRules = (
			);
			dependencies = (
				D273F36823D2F99800DC296A /* PBXTargetDependency */,
			);
			name = SwiftUIDemoTests;
			productName = SwiftUIDemoTests;
			productReference = D273F36623D2F99800DC296A /* SwiftUIDemoTests.xctest */;
			productType = "com.apple.product-type.bundle.unit-test";
		};
		D273F37023D2F99800DC296A /* SwiftUIDemoUITests */ = {
			isa = PBXNativeTarget;
			buildConfigurationList = D273F38023D2F99800DC296A /* Build configuration list for PBXNativeTarget "SwiftUIDemoUITests" */;
			buildPhases = (
				D273F36D23D2F99800DC296A /* Sources */,
				D273F36E23D2F99800DC296A /* Frameworks */,
				D273F36F23D2F99800DC296A /* Resources */,
			);
			buildRules = (
			);
			dependencies = (
				D273F37323D2F99800DC296A /* PBXTargetDependency */,
			);
			name = SwiftUIDemoUITests;
			productName = SwiftUIDemoUITests;
			productReference = D273F37123D2F99800DC296A /* SwiftUIDemoUITests.xctest */;
			productType = "com.apple.product-type.bundle.ui-testing";
		};
/* End PBXNativeTarget section */

/* Begin PBXProject section */
		D273F34823D2F99800DC296A /* Project object */ = {
			isa = PBXProject;
			attributes = {
				LastSwiftUpdateCheck = 1130;
				LastUpgradeCheck = 1130;
				ORGANIZATIONNAME = "Lihong Chen";
				TargetAttributes = {
					D273F34F23D2F99800DC296A = {
						CreatedOnToolsVersion = 11.3;
					};
					D273F36523D2F99800DC296A = {
						CreatedOnToolsVersion = 11.3;
						TestTargetID = D273F34F23D2F99800DC296A;
					};
					D273F37023D2F99800DC296A = {
						CreatedOnToolsVersion = 11.3;
						TestTargetID = D273F34F23D2F99800DC296A;
					};
				};
			};
			buildConfigurationList = D273F34B23D2F99800DC296A /* Build configuration list for PBXProject "SwiftUIDemo" */;
			compatibilityVersion = "Xcode 9.3";
			developmentRegion = en;
			hasScannedForEncodings = 0;
			knownRegions = (
				en,
				Base,
			);
			mainGroup = D273F34723D2F99800DC296A;
			productRefGroup = D273F35123D2F99800DC296A /* Products */;
			projectDirPath = "";
			projectRoot = "";
			targets = (
				D273F34F23D2F99800DC296A /* SwiftUIDemo */,
				D273F36523D2F99800DC296A /* SwiftUIDemoTests */,
				D273F37023D2F99800DC296A /* SwiftUIDemoUITests */,
			);
		};
/* End PBXProject section */

/* Begin PBXResourcesBuildPhase section */
		D273F34E23D2F99800DC296A /* Resources */ = {
			isa = PBXResourcesBuildPhase;
			buildActionMask = 2147483647;
			files = (
				D273F36023D2F99800DC296A /* LaunchScreen.storyboard in Resources */,
				D273F35D23D2F99800DC296A /* Preview Assets.xcassets in Resources */,
				D273F35A23D2F99800DC296A /* Assets.xcassets in Resources */,
			);
			runOnlyForDeploymentPostprocessing = 0;
		};
		D273F36423D2F99800DC296A /* Resources */ = {
			isa = PBXResourcesBuildPhase;
			buildActionMask = 2147483647;
			files = (
			);
			runOnlyForDeploymentPostprocessing = 0;
		};
		D273F36F23D2F99800DC296A /* Resources */ = {
			isa = PBXResourcesBuildPhase;
			buildActionMask = 2147483647;
			files = (
			);
			runOnlyForDeploymentPostprocessing = 0;
		};
/* End PBXResourcesBuildPhase section */

/* Begin PBXSourcesBuildPhase section */
		D273F34C23D2F99800DC296A /* Sources */ = {
			isa = PBXSourcesBuildPhase;
			buildActionMask = 2147483647;
			files = (
				D273F38823D3014000DC296A /* RoomDetail.swift in Sources */,
				D273F35423D2F99800DC296A /* AppDelegate.swift in Sources */,
				D273F35623D2F99800DC296A /* SceneDelegate.swift in Sources */,
				D273F38623D2FDF400DC296A /* Room.swift in Sources */,
				D273F38A23D307F400DC296A /* RoomStore.swift in Sources */,
				D273F35823D2F99800DC296A /* ContentView.swift in Sources */,
			);
			runOnlyForDeploymentPostprocessing = 0;
		};
		D273F36223D2F99800DC296A /* Sources */ = {
			isa = PBXSourcesBuildPhase;
			buildActionMask = 2147483647;
			files = (
				D273F36B23D2F99800DC296A /* SwiftUIDemoTests.swift in Sources */,
			);
			runOnlyForDeploymentPostprocessing = 0;
		};
		D273F36D23D2F99800DC296A /* Sources */ = {
			isa = PBXSourcesBuildPhase;
			buildActionMask = 2147483647;
			files = (
				D273F37623D2F99800DC296A /* SwiftUIDemoUITests.swift in Sources */,
			);
			runOnlyForDeploymentPostprocessing = 0;
		};
/* End PBXSourcesBuildPhase section */

/* Begin PBXTargetDependency section */
		D273F36823D2F99800DC296A /* PBXTargetDependency */ = {
			isa = PBXTargetDependency;
			target = D273F34F23D2F99800DC296A /* SwiftUIDemo */;
			targetProxy = D273F36723D2F99800DC296A /* PBXContainerItemProxy */;
		};
		D273F37323D2F99800DC296A /* PBXTargetDependency */ = {
			isa = PBXTargetDependency;
			target = D273F34F23D2F99800DC296A /* SwiftUIDemo */;
			targetProxy = D273F37223D2F99800DC296A /* PBXContainerItemProxy */;
		};
/* End PBXTargetDependency section */

/* Begin PBXVariantGroup section */
		D273F35E23D2F99800DC296A /* LaunchScreen.storyboard */ = {
			isa = PBXVariantGroup;
			children = (
				D273F35F23D2F99800DC296A /* Base */,
			);
			name = LaunchScreen.storyboard;
			sourceTree = "<group>";
		};
/* End PBXVariantGroup section */

/* Begin XCBuildConfiguration section */
		D273F37823D2F99800DC296A /* Debug */ = {
			isa = XCBuildConfiguration;
			buildSettings = {
				ALWAYS_SEARCH_USER_PATHS = NO;
				CLANG_ANALYZER_NONNULL = YES;
				CLANG_ANALYZER_NUMBER_OBJECT_CONVERSION = YES_AGGRESSIVE;
				CLANG_CXX_LANGUAGE_STANDARD = "gnu++14";
				CLANG_CXX_LIBRARY = "libc++";
				CLANG_ENABLE_MODULES = YES;
				CLANG_ENABLE_OBJC_ARC = YES;
				CLANG_ENABLE_OBJC_WEAK = YES;
				CLANG_WARN_BLOCK_CAPTURE_AUTORELEASING = YES;
				CLANG_WARN_BOOL_CONVERSION = YES;
				CLANG_WARN_COMMA = YES;
				CLANG_WARN_CONSTANT_CONVERSION = YES;
				CLANG_WARN_DEPRECATED_OBJC_IMPLEMENTATIONS = YES;
				CLANG_WARN_DIRECT_OBJC_ISA_USAGE = YES_ERROR;
				CLANG_WARN_DOCUMENTATION_COMMENTS = YES;
				CLANG_WARN_EMPTY_BODY = YES;
				CLANG_WARN_ENUM_CONVERSION = YES;
				CLANG_WARN_INFINITE_RECURSION = YES;
				CLANG_WARN_INT_CONVERSION = YES;
				CLANG_WARN_NON_LITERAL_NULL_CONVERSION = YES;
				CLANG_WARN_OBJC_IMPLICIT_RETAIN_SELF = YES;
				CLANG_WARN_OBJC_LITERAL_CONVERSION = YES;
				CLANG_WARN_OBJC_ROOT_CLASS = YES_ERROR;
				CLANG_WARN_RANGE_LOOP_ANALYSIS = YES;
				CLANG_WARN_STRICT_PROTOTYPES = YES;
				CLANG_WARN_SUSPICIOUS_MOVE = YES;
				CLANG_WARN_UNGUARDED_AVAILABILITY = YES_AGGRESSIVE;
				CLANG_WARN_UNREACHABLE_CODE = YES;
				CLANG_WARN__DUPLICATE_METHOD_MATCH = YES;
				COPY_PHASE_STRIP = NO;
				DEBUG_INFORMATION_FORMAT = dwarf;
				ENABLE_STRICT_OBJC_MSGSEND = YES;
				ENABLE_TESTABILITY = YES;
				GCC_C_LANGUAGE_STANDARD = gnu11;
				GCC_DYNAMIC_NO_PIC = NO;
				GCC_NO_COMMON_BLOCKS = YES;
				GCC_OPTIMIZATION_LEVEL = 0;
				GCC_PREPROCESSOR_DEFINITIONS = (
					"DEBUG=1",
					"$(inherited)",
				);
				GCC_WARN_64_TO_32_BIT_CONVERSION = YES;
				GCC_WARN_ABOUT_RETURN_TYPE = YES_ERROR;
				GCC_WARN_UNDECLARED_SELECTOR = YES;
				GCC_WARN_UNINITIALIZED_AUTOS = YES_AGGRESSIVE;
				GCC_WARN_UNUSED_FUNCTION = YES;
				GCC_WARN_UNUSED_VARIABLE = YES;
				IPHONEOS_DEPLOYMENT_TARGET = 13.2;
				MTL_ENABLE_DEBUG_INFO = INCLUDE_SOURCE;
				MTL_FAST_MATH = YES;
				ONLY_ACTIVE_ARCH = YES;
				SDKROOT = iphoneos;
				SWIFT_ACTIVE_COMPILATION_CONDITIONS = DEBUG;
				SWIFT_OPTIMIZATION_LEVEL = "-Onone";
			};
			name = Debug;
		};
		D273F37923D2F99800DC296A /* Release */ = {
			isa = XCBuildConfiguration;
			buildSettings = {
				ALWAYS_SEARCH_USER_PATHS = NO;
				CLANG_ANALYZER_NONNULL = YES;
				CLANG_ANALYZER_NUMBER_OBJECT_CONVERSION = YES_AGGRESSIVE;
				CLANG_CXX_LANGUAGE_STANDARD = "gnu++14";
				CLANG_CXX_LIBRARY = "libc++";
				CLANG_ENABLE_MODULES = YES;
				CLANG_ENABLE_OBJC_ARC = YES;
				CLANG_ENABLE_OBJC_WEAK = YES;
				CLANG_WARN_BLOCK_CAPTURE_AUTORELEASING = YES;
				CLANG_WARN_BOOL_CONVERSION = YES;
				CLANG_WARN_COMMA = YES;
				CLANG_WARN_CONSTANT_CONVERSION = YES;
				CLANG_WARN_DEPRECATED_OBJC_IMPLEMENTATIONS = YES;
				CLANG_WARN_DIRECT_OBJC_ISA_USAGE = YES_ERROR;
				CLANG_WARN_DOCUMENTATION_COMMENTS = YES;
				CLANG_WARN_EMPTY_BODY = YES;
				CLANG_WARN_ENUM_CONVERSION = YES;
				CLANG_WARN_INFINITE_RECURSION = YES;
				CLANG_WARN_INT_CONVERSION = YES;
				CLANG_WARN_NON_LITERAL_NULL_CONVERSION = YES;
				CLANG_WARN_OBJC_IMPLICIT_RETAIN_SELF = YES;
				CLANG_WARN_OBJC_LITERAL_CONVERSION = YES;
				CLANG_WARN_OBJC_ROOT_CLASS = YES_ERROR;
				CLANG_WARN_RANGE_LOOP_ANALYSIS = YES;
				CLANG_WARN_STRICT_PROTOTYPES = YES;
				CLANG_WARN_SUSPICIOUS_MOVE = YES;
				CLANG_WARN_UNGUARDED_AVAILABILITY = YES_AGGRESSIVE;
				CLANG_WARN_UNREACHABLE_CODE = YES;
				CLANG_WARN__DUPLICATE_METHOD_MATCH = YES;
				COPY_PHASE_STRIP = NO;
				DEBUG_INFORMATION_FORMAT = "dwarf-with-dsym";
				ENABLE_NS_ASSERTIONS = NO;
				ENABLE_STRICT_OBJC_MSGSEND = YES;
				GCC_C_LANGUAGE_STANDARD = gnu11;
				GCC_NO_COMMON_BLOCKS = YES;
				GCC_WARN_64_TO_32_BIT_CONVERSION = YES;
				GCC_WARN_ABOUT_RETURN_TYPE = YES_ERROR;
				GCC_WARN_UNDECLARED_SELECTOR = YES;
				GCC_WARN_UNINITIALIZED_AUTOS = YES_AGGRESSIVE;
				GCC_WARN_UNUSED_FUNCTION = YES;
				GCC_WARN_UNUSED_VARIABLE = YES;
				IPHONEOS_DEPLOYMENT_TARGET = 13.2;
				MTL_ENABLE_DEBUG_INFO = NO;
				MTL_FAST_MATH = YES;
				SDKROOT = iphoneos;
				SWIFT_COMPILATION_MODE = wholemodule;
				SWIFT_OPTIMIZATION_LEVEL = "-O";
				VALIDATE_PRODUCT = YES;
			};
			name = Release;
		};
		D273F37B23D2F99800DC296A /* Debug */ = {
			isa = XCBuildConfiguration;
			buildSettings = {
				ASSETCATALOG_COMPILER_APPICON_NAME = AppIcon;
				CODE_SIGN_STYLE = Automatic;
				DEVELOPMENT_ASSET_PATHS = "\"SwiftUIDemo/Preview Content\"";
				ENABLE_PREVIEWS = YES;
				INFOPLIST_FILE = SwiftUIDemo/Info.plist;
				LD_RUNPATH_SEARCH_PATHS = (
					"$(inherited)",
					"@executable_path/Frameworks",
				);
				PRODUCT_BUNDLE_IDENTIFIER = com.orangeman.demo.SwiftUIDemo;
				PRODUCT_NAME = "$(TARGET_NAME)";
				SWIFT_VERSION = 5.0;
				TARGETED_DEVICE_FAMILY = "1,2";
			};
			name = Debug;
		};
		D273F37C23D2F99800DC296A /* Release */ = {
			isa = XCBuildConfiguration;
			buildSettings = {
				ASSETCATALOG_COMPILER_APPICON_NAME = AppIcon;
				CODE_SIGN_STYLE = Automatic;
				DEVELOPMENT_ASSET_PATHS = "\"SwiftUIDemo/Preview Content\"";
				ENABLE_PREVIEWS = YES;
				INFOPLIST_FILE = SwiftUIDemo/Info.plist;
				LD_RUNPATH_SEARCH_PATHS = (
					"$(inherited)",
					"@executable_path/Frameworks",
				);
				PRODUCT_BUNDLE_IDENTIFIER = com.orangeman.demo.SwiftUIDemo;
				PRODUCT_NAME = "$(TARGET_NAME)";
				SWIFT_VERSION = 5.0;
				TARGETED_DEVICE_FAMILY = "1,2";
			};
			name = Release;
		};
		D273F37E23D2F99800DC296A /* Debug */ = {
			isa = XCBuildConfiguration;
			buildSettings = {
				ALWAYS_EMBED_SWIFT_STANDARD_LIBRARIES = YES;
				BUNDLE_LOADER = "$(TEST_HOST)";
				CODE_SIGN_STYLE = Automatic;
				INFOPLIST_FILE = SwiftUIDemoTests/Info.plist;
				IPHONEOS_DEPLOYMENT_TARGET = 13.2;
				LD_RUNPATH_SEARCH_PATHS = (
					"$(inherited)",
					"@executable_path/Frameworks",
					"@loader_path/Frameworks",
				);
				PRODUCT_BUNDLE_IDENTIFIER = com.orangeman.demo.SwiftUIDemoTests;
				PRODUCT_NAME = "$(TARGET_NAME)";
				SWIFT_VERSION = 5.0;
				TARGETED_DEVICE_FAMILY = "1,2";
				TEST_HOST = "$(BUILT_PRODUCTS_DIR)/SwiftUIDemo.app/SwiftUIDemo";
			};
			name = Debug;
		};
		D273F37F23D2F99800DC296A /* Release */ = {
			isa = XCBuildConfiguration;
			buildSettings = {
				ALWAYS_EMBED_SWIFT_STANDARD_LIBRARIES = YES;
				BUNDLE_LOADER = "$(TEST_HOST)";
				CODE_SIGN_STYLE = Automatic;
				INFOPLIST_FILE = SwiftUIDemoTests/Info.plist;
				IPHONEOS_DEPLOYMENT_TARGET = 13.2;
				LD_RUNPATH_SEARCH_PATHS = (
					"$(inherited)",
					"@executable_path/Frameworks",
					"@loader_path/Frameworks",
				);
				PRODUCT_BUNDLE_IDENTIFIER = com.orangeman.demo.SwiftUIDemoTests;
				PRODUCT_NAME = "$(TARGET_NAME)";
				SWIFT_VERSION = 5.0;
				TARGETED_DEVICE_FAMILY = "1,2";
				TEST_HOST = "$(BUILT_PRODUCTS_DIR)/SwiftUIDemo.app/SwiftUIDemo";
			};
			name = Release;
		};
		D273F38123D2F99800DC296A /* Debug */ = {
			isa = XCBuildConfiguration;
			buildSettings = {
				ALWAYS_EMBED_SWIFT_STANDARD_LIBRARIES = YES;
				CODE_SIGN_STYLE = Automatic;
				INFOPLIST_FILE = SwiftUIDemoUITests/Info.plist;
				LD_RUNPATH_SEARCH_PATHS = (
					"$(inherited)",
					"@executable_path/Frameworks",
					"@loader_path/Frameworks",
				);
				PRODUCT_BUNDLE_IDENTIFIER = com.orangeman.demo.SwiftUIDemoUITests;
				PRODUCT_NAME = "$(TARGET_NAME)";
				SWIFT_VERSION = 5.0;
				TARGETED_DEVICE_FAMILY = "1,2";
				TEST_TARGET_NAME = SwiftUIDemo;
			};
			name = Debug;
		};
		D273F38223D2F99800DC296A /* Release */ = {
			isa = XCBuildConfiguration;
			buildSettings = {
				ALWAYS_EMBED_SWIFT_STANDARD_LIBRARIES = YES;
				CODE_SIGN_STYLE = Automatic;
				INFOPLIST_FILE = SwiftUIDemoUITests/Info.plist;
				LD_RUNPATH_SEARCH_PATHS = (
					"$(inherited)",
					"@executable_path/Frameworks",
					"@loader_path/Frameworks",
				);
				PRODUCT_BUNDLE_IDENTIFIER = com.orangeman.demo.SwiftUIDemoUITests;
				PRODUCT_NAME = "$(TARGET_NAME)";
				SWIFT_VERSION = 5.0;
				TARGETED_DEVICE_FAMILY = "1,2";
				TEST_TARGET_NAME = SwiftUIDemo;
			};
			name = Release;
		};
/* End XCBuildConfiguration section */

/* Begin XCConfigurationList section */
		D273F34B23D2F99800DC296A /* Build configuration list for PBXProject "SwiftUIDemo" */ = {
			isa = XCConfigurationList;
			buildConfigurations = (
				D273F37823D2F99800DC296A /* Debug */,
				D273F37923D2F99800DC296A /* Release */,
			);
			defaultConfigurationIsVisible = 0;
			defaultConfigurationName = Release;
		};
		D273F37A23D2F99800DC296A /* Build configuration list for PBXNativeTarget "SwiftUIDemo" */ = {
			isa = XCConfigurationList;
			buildConfigurations = (
				D273F37B23D2F99800DC296A /* Debug */,
				D273F37C23D2F99800DC296A /* Release */,
			);
			defaultConfigurationIsVisible = 0;
			defaultConfigurationName = Release;
		};
		D273F37D23D2F99800DC296A /* Build configuration list for PBXNativeTarget "SwiftUIDemoTests" */ = {
			isa = XCConfigurationList;
			buildConfigurations = (
				D273F37E23D2F99800DC296A /* Debug */,
				D273F37F23D2F99800DC296A /* Release */,
			);
			defaultConfigurationIsVisible = 0;
			defaultConfigurationName = Release;
		};
		D273F38023D2F99800DC296A /* Build configuration list for PBXNativeTarget "SwiftUIDemoUITests" */ = {
			isa = XCConfigurationList;
			buildConfigurations = (
				D273F38123D2F99800DC296A /* Debug */,
				D273F38223D2F99800DC296A /* Release */,
			);
			defaultConfigurationIsVisible = 0;
			defaultConfigurationName = Release;
		};
/* End XCConfigurationList section */
	};
	rootObject = D273F34823D2F99800DC296A /* Project object */;
}
